
Microsoft Visual Studio Solution File, Format Version 12.00
# Visual Studio Version 17
VisualStudioVersion = 17.4.33213.308
MinimumVisualStudioVersion = 10.0.40219.1
Project("{2150E333-8FDC-42A3-9474-1A3956D46DE8}") = "src", "src", "{6ABD09FD-4910-44DB-B872-8968911392B0}"
EndProject
Project("{2150E333-8FDC-42A3-9474-1A3956D46DE8}") = "test", "test", "{267B7ACC-A153-42A9-97E0-A9B1C0D317AA}"
EndProject
Project("{FAE04EC0-301F-11D3-BF4B-00C04F79EFBC}") = "FastPizza.WepApi", "src\FastPizza.WepApi\FastPizza.WepApi.csproj", "{82458956-CD75-49B0-9181-BAF5E9ECCFD8}"
EndProject
Project("{FAE04EC0-301F-11D3-BF4B-00C04F79EFBC}") = "FastPizza.DataAccess", "src\FastPizza.DataAccess\FastPizza.DataAccess.csproj", "{9BB68567-59F8-4A35-A46B-A862611130FC}"
EndProject
Project("{FAE04EC0-301F-11D3-BF4B-00C04F79EFBC}") = "FastPizza.Domain", "src\FastPizza.Domain\FastPizza.Domain.csproj", "{2C634420-9FB1-49AA-8263-49ABA74C0E2E}"
EndProject
Project("{FAE04EC0-301F-11D3-BF4B-00C04F79EFBC}") = "FastPizza.Service", "src\FastPizza.Service\FastPizza.Service.csproj", "{9FF01880-797A-4C8C-A78A-EA4C5206C57B}"
EndProject
Project("{FAE04EC0-301F-11D3-BF4B-00C04F79EFBC}") = "FastPizza.UnitTest", "test\FastPizza.UnitTest\FastPizza.UnitTest.csproj", "{C3EE97FB-431D-44DF-9FEF-93E5618F8FB3}"
EndProject
Global
	GlobalSection(SolutionConfigurationPlatforms) = preSolution
		Debug|Any CPU = Debug|Any CPU
		Release|Any CPU = Release|Any CPU
	EndGlobalSection
	GlobalSection(ProjectConfigurationPlatforms) = postSolution
		{82458956-CD75-49B0-9181-BAF5E9ECCFD8}.Debug|Any CPU.ActiveCfg = Debug|Any CPU
		{82458956-CD75-49B0-9181-BAF5E9ECCFD8}.Debug|Any CPU.Build.0 = Debug|Any CPU
		{82458956-CD75-49B0-9181-BAF5E9ECCFD8}.Release|Any CPU.ActiveCfg = Release|Any CPU
		{82458956-CD75-49B0-9181-BAF5E9ECCFD8}.Release|Any CPU.Build.0 = Release|Any CPU
		{9BB68567-59F8-4A35-A46B-A862611130FC}.Debug|Any CPU.ActiveCfg = Debug|Any CPU
		{9BB68567-59F8-4A35-A46B-A862611130FC}.Debug|Any CPU.Build.0 = Debug|Any CPU
		{9BB68567-59F8-4A35-A46B-A862611130FC}.Release|Any CPU.ActiveCfg = Release|Any CPU
		{9BB68567-59F8-4A35-A46B-A862611130FC}.Release|Any CPU.Build.0 = Release|Any CPU
		{2C634420-9FB1-49AA-8263-49ABA74C0E2E}.Debug|Any CPU.ActiveCfg = Debug|Any CPU
		{2C634420-9FB1-49AA-8263-49ABA74C0E2E}.Debug|Any CPU.Build.0 = Debug|Any CPU
		{2C634420-9FB1-49AA-8263-49ABA74C0E2E}.Release|Any CPU.ActiveCfg = Release|Any CPU
		{2C634420-9FB1-49AA-8263-49ABA74C0E2E}.Release|Any CPU.Build.0 = Release|Any CPU
		{9FF01880-797A-4C8C-A78A-EA4C5206C57B}.Debug|Any CPU.ActiveCfg = Debug|Any CPU
		{9FF01880-797A-4C8C-A78A-EA4C5206C57B}.Debug|Any CPU.Build.0 = Debug|Any CPU
		{9FF01880-797A-4C8C-A78A-EA4C5206C57B}.Release|Any CPU.ActiveCfg = Release|Any CPU
		{9FF01880-797A-4C8C-A78A-EA4C5206C57B}.Release|Any CPU.Build.0 = Release|Any CPU
		{C3EE97FB-431D-44DF-9FEF-93E5618F8FB3}.Debug|Any CPU.ActiveCfg = Debug|Any CPU
		{C3EE97FB-431D-44DF-9FEF-93E5618F8FB3}.Debug|Any CPU.Build.0 = Debug|Any CPU
		{C3EE97FB-431D-44DF-9FEF-93E5618F8FB3}.Release|Any CPU.ActiveCfg = Release|Any CPU
		{C3EE97FB-431D-44DF-9FEF-93E5618F8FB3}.Release|Any CPU.Build.0 = Release|Any CPU
	EndGlobalSection
	GlobalSection(SolutionProperties) = preSolution
		HideSolutionNode = FALSE
	EndGlobalSection
	GlobalSection(NestedProjects) = preSolution
		{82458956-CD75-49B0-9181-BAF5E9ECCFD8} = {6ABD09FD-4910-44DB-B872-8968911392B0}
		{9BB68567-59F8-4A35-A46B-A862611130FC} = {6ABD09FD-4910-44DB-B872-8968911392B0}
		{2C634420-9FB1-49AA-8263-49ABA74C0E2E} = {6ABD09FD-4910-44DB-B872-8968911392B0}
		{9FF01880-797A-4C8C-A78A-EA4C5206C57B} = {6ABD09FD-4910-44DB-B872-8968911392B0}
		{C3EE97FB-431D-44DF-9FEF-93E5618F8FB3} = {267B7ACC-A153-42A9-97E0-A9B1C0D317AA}
	EndGlobalSection
	GlobalSection(ExtensibilityGlobals) = postSolution
		SolutionGuid = {A5DEC9C1-0FC3-4135-8DEB-779F6FD6E910}
	EndGlobalSection
EndGlobal
